
Microsoft Visual Studio Solution File, Format Version 12.00
# Visual Studio Version 17
VisualStudioVersion = 17.5.002.0
MinimumVisualStudioVersion = 10.0.40219.1
Project("{9A19103F-16F7-4668-BE54-9A1E7A4F7556}") = "LikeSimpleSystem", "LikeSimpleSystem.csproj", "{45FF1A07-9733-4791-B654-BBC14A925A6B}"
EndProject
Global
	GlobalSection(SolutionConfigurationPlatforms) = preSolution
		Debug|Any CPU = Debug|Any CPU
		Release|Any CPU = Release|Any CPU
	EndGlobalSection
	GlobalSection(ProjectConfigurationPlatforms) = postSolution
		{45FF1A07-9733-4791-B654-BBC14A925A6B}.Debug|Any CPU.ActiveCfg = Debug|Any CPU
		{45FF1A07-9733-4791-B654-BBC14A925A6B}.Debug|Any CPU.Build.0 = Debug|Any CPU
		{45FF1A07-9733-4791-B654-BBC14A925A6B}.Release|Any CPU.ActiveCfg = Release|Any CPU
		{45FF1A07-9733-4791-B654-BBC14A925A6B}.Release|Any CPU.Build.0 = Release|Any CPU
	EndGlobalSection
	GlobalSection(SolutionProperties) = preSolution
		HideSolutionNode = FALSE
	EndGlobalSection
	GlobalSection(ExtensibilityGlobals) = postSolution
		SolutionGuid = {7DAB47A3-6ADB-4464-959D-22FA6AF6216E}
	EndGlobalSection
EndGlobal
